{
  "name": "skyline",
  "version": "0.1.0",
  "lockfileVersion": 1,
  "requires": true,
  "dependencies": {
    "@babel/runtime": {
      "version": "7.7.7",
      "resolved": "https://registry.npmjs.org/@babel/runtime/-/runtime-7.7.7.tgz",
      "integrity": "sha512-uCnC2JEVAu8AKB5do1WRIsvrdJ0flYx/A/9f/6chdacnEZ7LmavjdsDXr5ksYBegxtuTPR5Va9/+13QF/kFkCA==",
      "requires": {
        "regenerator-runtime": "^0.13.2"
      }
    },
    "google-protobuf": {
      "version": "3.7.0-rc.2",
      "resolved": "https://registry.npmjs.org/google-protobuf/-/google-protobuf-3.7.0-rc.2.tgz",
      "integrity": "sha512-mHl4c23RGm7PakQ7OODtWa0H3tpm78we9JE23GkcrTL8rbD/7jpX6p5977quPdr9bLa0yJSst4tDDyXl8wwW3Q=="
    },
    "hoist-non-react-statics": {
      "version": "3.3.1",
      "resolved": "https://registry.npmjs.org/hoist-non-react-statics/-/hoist-non-react-statics-3.3.1.tgz",
      "integrity": "sha512-wbg3bpgA/ZqWrZuMOeJi8+SKMhr7X9TesL/rXMjTzh0p0JUBo3II8DHboYbuIXWRlttrUFxwcu/5kygrCw8fJw==",
      "requires": {
        "react-is": "^16.7.0"
      }
    },
    "invariant": {
      "version": "2.2.4",
      "resolved": "https://registry.npmjs.org/invariant/-/invariant-2.2.4.tgz",
      "integrity": "sha512-phJfQVBuaJM5raOpJjSfkiD6BpbCE4Ns//LaXl6wGYtUBY83nWS6Rf9tXm2e8VaK60JEjYldbPif/A2B1C2gNA==",
      "requires": {
        "loose-envify": "^1.0.0"
      }
    },
    "js-tokens": {
      "version": "3.0.2",
      "resolved": "https://registry.npmjs.org/js-tokens/-/js-tokens-3.0.2.tgz",
      "integrity": "sha1-mGbfOVECEw449/mWvOtlRDIJwls="
    },
    "loose-envify": {
      "version": "1.4.0",
      "resolved": "https://registry.npmjs.org/loose-envify/-/loose-envify-1.4.0.tgz",
      "integrity": "sha1-ce5R+nvkyuwaY4OffmgtgTLTDK8=",
      "requires": {
        "js-tokens": "^3.0.0 || ^4.0.0"
      }
    },
    "object-assign": {
      "version": "4.1.1",
      "resolved": "https://registry.npmjs.org/object-assign/-/object-assign-4.1.1.tgz",
      "integrity": "sha1-IQmtx5ZYh8/AXLvUQsrIv7s2CGM="
    },
    "prop-types": {
      "version": "15.7.2",
      "resolved": "https://registry.npmjs.org/prop-types/-/prop-types-15.7.2.tgz",
      "integrity": "sha1-UsQedbjIfnK52TYOAga5ncv/psU=",
      "requires": {
        "loose-envify": "^1.4.0",
        "object-assign": "^4.1.1",
        "react-is": "^16.8.1"
      }
    },
    "react": {
      "version": "16.8.3",
      "resolved": "https://registry.npmjs.org/react/-/react-16.8.3.tgz",
      "integrity": "sha512-3UoSIsEq8yTJuSu0luO1QQWYbgGEILm+eJl2QN/VLDi7hL+EN18M3q3oVZwmVzzBJ3DkM7RMdRwBmZZ+b4IzSA==",
      "requires": {
        "loose-envify": "^1.1.0",
        "object-assign": "^4.1.1",
        "prop-types": "^15.6.2",
        "scheduler": "^0.13.3"
      }
    },
    "react-dom": {
      "version": "16.8.3",
      "resolved": "https://registry.npmjs.org/react-dom/-/react-dom-16.8.3.tgz",
      "integrity": "sha512-ttMem9yJL4/lpItZAQ2NTFAbV7frotHk5DZEHXUOws2rMmrsvh1Na7ThGT0dTzUIl6pqTOi5tYREfL8AEna3lA==",
      "requires": {
        "loose-envify": "^1.1.0",
        "object-assign": "^4.1.1",
        "prop-types": "^15.6.2",
        "scheduler": "^0.13.3"
      }
    },
    "react-is": {
      "version": "16.8.3",
      "resolved": "https://registry.npmjs.org/react-is/-/react-is-16.8.3.tgz",
      "integrity": "sha512-Y4rC1ZJmsxxkkPuMLwvKvlL1Zfpbcu+Bf4ZigkHup3v9EfdYhAlWAaVyA19olXq2o2mGn0w+dFKvk3pVVlYcIA=="
    },
    "react-redux": {
      "version": "7.1.3",
      "resolved": "https://registry.npmjs.org/react-redux/-/react-redux-7.1.3.tgz",
      "integrity": "sha512-uI1wca+ECG9RoVkWQFF4jDMqmaw0/qnvaSvOoL/GA4dNxf6LoV8sUAcNDvE5NWKs4hFpn0t6wswNQnY3f7HT3w==",
      "requires": {
        "@babel/runtime": "^7.5.5",
        "hoist-non-react-statics": "^3.3.0",
        "invariant": "^2.2.4",
        "loose-envify": "^1.4.0",
        "prop-types": "^15.7.2",
        "react-is": "^16.9.0"
      },
      "dependencies": {
        "react-is": {
          "version": "16.12.0",
          "resolved": "https://registry.npmjs.org/react-is/-/react-is-16.12.0.tgz",
          "integrity": "sha512-rPCkf/mWBtKc97aLL9/txD8DZdemK0vkA3JMLShjlJB3Pj3s+lpf1KaBzMfQrAmhMQB0n1cU/SUGgKKBCe837Q=="
        }
      }
    },
    "redux": {
      "version": "4.0.5",
      "resolved": "https://registry.npmjs.org/redux/-/redux-4.0.5.tgz",
      "integrity": "sha512-VSz1uMAH24DM6MF72vcojpYPtrTUu3ByVWfPL1nPfVRb5mZVTve5GnNCUV53QM/BZ66xfWrm0CTWoM+Xlz8V1w==",
      "requires": {
        "loose-envify": "^1.4.0",
        "symbol-observable": "^1.2.0"
      }
    },
    "regenerator-runtime": {
      "version": "0.13.3",
      "resolved": "https://registry.npmjs.org/regenerator-runtime/-/regenerator-runtime-0.13.3.tgz",
      "integrity": "sha512-naKIZz2GQ8JWh///G7L3X6LaQUAMp2lvb1rvwwsURe/VXwD6VMfr+/1NuNw3ag8v2kY1aQ/go5SNn79O9JU7yw=="
    },
    "scheduler": {
      "version": "0.13.3",
      "resolved": "https://registry.npmjs.org/scheduler/-/scheduler-0.13.3.tgz",
      "integrity": "sha512-UxN5QRYWtpR1egNWzJcVLk8jlegxAugswQc984lD3kU7NuobsO37/sRfbpTdBjtnD5TBNFA2Q2oLV5+UmPSmEQ==",
      "requires": {
        "loose-envify": "^1.1.0",
        "object-assign": "^4.1.1"
      }
    },
    "symbol-observable": {
      "version": "1.2.0",
      "resolved": "https://registry.npmjs.org/symbol-observable/-/symbol-observable-1.2.0.tgz",
      "integrity": "sha512-e900nM8RRtGhlV36KGEU9k65K3mPb1WV70OdjfxlG2EAuM1noi/E/BaW/uMhL7bPEssK8QV57vN3esixjUvcXQ=="
    }
  }
}
